{
  "requires": true,
  "lockfileVersion": 1,
  "dependencies": {
    "easytimer.js": {
      "version": "3.0.0",
      "resolved": "https://registry.npmjs.org/easytimer.js/-/easytimer.js-3.0.0.tgz",
      "integrity": "sha512-DNSU9XNPzmP+tbTMCPIr8JRd5Rm2P2kRP21Jpc3PC4q1mluMXCVcKotzPqgyi6oBYXOjN9FUDfQDpfrh7ykgZg=="
    },
    "readline": {
      "version": "1.3.0",
      "resolved": "https://registry.npmjs.org/readline/-/readline-1.3.0.tgz",
      "integrity": "sha1-xYDXfvLPyHUrEySYBg3JeTp6wBw="
    }
  }
}
